
Microsoft Visual Studio Solution File, Format Version 12.00
# Visual Studio Version 16
VisualStudioVersion = 16.0.31702.278
MinimumVisualStudioVersion = 10.0.40219.1
Project("{8BC9CEB8-8B4A-11D0-8D11-00A0C91BC942}") = "References", "References.vcxproj", "{AF5CB5C1-BFC3-4CA3-80A8-A61AE3CF5C90}"
EndProject
Global
	GlobalSection(SolutionConfigurationPlatforms) = preSolution
		Debug|x64 = Debug|x64
		Debug|x86 = Debug|x86
		Release|x64 = Release|x64
		Release|x86 = Release|x86
	EndGlobalSection
	GlobalSection(ProjectConfigurationPlatforms) = postSolution
		{AF5CB5C1-BFC3-4CA3-80A8-A61AE3CF5C90}.Debug|x64.ActiveCfg = Debug|x64
		{AF5CB5C1-BFC3-4CA3-80A8-A61AE3CF5C90}.Debug|x64.Build.0 = Debug|x64
		{AF5CB5C1-BFC3-4CA3-80A8-A61AE3CF5C90}.Debug|x86.ActiveCfg = Debug|Win32
		{AF5CB5C1-BFC3-4CA3-80A8-A61AE3CF5C90}.Debug|x86.Build.0 = Debug|Win32
		{AF5CB5C1-BFC3-4CA3-80A8-A61AE3CF5C90}.Release|x64.ActiveCfg = Release|x64
		{AF5CB5C1-BFC3-4CA3-80A8-A61AE3CF5C90}.Release|x64.Build.0 = Release|x64
		{AF5CB5C1-BFC3-4CA3-80A8-A61AE3CF5C90}.Release|x86.ActiveCfg = Release|Win32
		{AF5CB5C1-BFC3-4CA3-80A8-A61AE3CF5C90}.Release|x86.Build.0 = Release|Win32
	EndGlobalSection
	GlobalSection(SolutionProperties) = preSolution
		HideSolutionNode = FALSE
	EndGlobalSection
	GlobalSection(ExtensibilityGlobals) = postSolution
		SolutionGuid = {BA7EA070-96A6-44D6-82A1-7237789849ED}
	EndGlobalSection
EndGlobal
